
Microsoft Visual Studio Solution File, Format Version 12.00
# Visual Studio Version 17
VisualStudioVersion = 17.12.35527.113
MinimumVisualStudioVersion = 10.0.40219.1
Project("{8BC9CEB8-8B4A-11D0-8D11-00A0C91BC942}") = "LuaAide", "..\..\LuaAide\buildsys\VS17\LuaAide.vcxproj", "{A8208CF9-C2FD-45C6-9411-A4E6C8546D74}"
EndProject
Project("{8BC9CEB8-8B4A-11D0-8D11-00A0C91BC942}") = "lualodepng", "lualodepng.vcxproj", "{CC7D485E-E660-4C77-A065-BC28759881DD}"
EndProject
Global
	GlobalSection(SolutionConfigurationPlatforms) = preSolution
		Debug|x64 = Debug|x64
		Debug|x86 = Debug|x86
		Release|x64 = Release|x64
		Release|x86 = Release|x86
	EndGlobalSection
	GlobalSection(ProjectConfigurationPlatforms) = postSolution
		{A8208CF9-C2FD-45C6-9411-A4E6C8546D74}.Debug|x64.ActiveCfg = Debug|x64
		{A8208CF9-C2FD-45C6-9411-A4E6C8546D74}.Debug|x64.Build.0 = Debug|x64
		{A8208CF9-C2FD-45C6-9411-A4E6C8546D74}.Debug|x86.ActiveCfg = Debug|Win32
		{A8208CF9-C2FD-45C6-9411-A4E6C8546D74}.Debug|x86.Build.0 = Debug|Win32
		{A8208CF9-C2FD-45C6-9411-A4E6C8546D74}.Release|x64.ActiveCfg = Release|x64
		{A8208CF9-C2FD-45C6-9411-A4E6C8546D74}.Release|x64.Build.0 = Release|x64
		{A8208CF9-C2FD-45C6-9411-A4E6C8546D74}.Release|x86.ActiveCfg = Release|Win32
		{A8208CF9-C2FD-45C6-9411-A4E6C8546D74}.Release|x86.Build.0 = Release|Win32
		{CC7D485E-E660-4C77-A065-BC28759881DD}.Debug|x64.ActiveCfg = Debug|x64
		{CC7D485E-E660-4C77-A065-BC28759881DD}.Debug|x64.Build.0 = Debug|x64
		{CC7D485E-E660-4C77-A065-BC28759881DD}.Debug|x86.ActiveCfg = Debug|Win32
		{CC7D485E-E660-4C77-A065-BC28759881DD}.Debug|x86.Build.0 = Debug|Win32
		{CC7D485E-E660-4C77-A065-BC28759881DD}.Release|x64.ActiveCfg = Release|x64
		{CC7D485E-E660-4C77-A065-BC28759881DD}.Release|x64.Build.0 = Release|x64
		{CC7D485E-E660-4C77-A065-BC28759881DD}.Release|x86.ActiveCfg = Release|Win32
		{CC7D485E-E660-4C77-A065-BC28759881DD}.Release|x86.Build.0 = Release|Win32
	EndGlobalSection
	GlobalSection(SolutionProperties) = preSolution
		HideSolutionNode = FALSE
	EndGlobalSection
EndGlobal
